
Microsoft Visual Studio Solution File, Format Version 12.00
# Visual Studio Express 2012 for Web
Project("{FAE04EC0-301F-11D3-BF4B-00C04F79EFBC}") = "LicenseApplication", "LicenseApplication\LicenseApplication.csproj", "{72A04E22-A501-4E28-B17B-4E7755234227}"
EndProject
Project("{FAE04EC0-301F-11D3-BF4B-00C04F79EFBC}") = "LicenseApplication.Tests", "LicenseApplication.Tests\LicenseApplication.Tests.csproj", "{EA3D019A-0BA5-4403-BEF1-995401989DC6}"
EndProject
Global
	GlobalSection(SolutionConfigurationPlatforms) = preSolution
		Debug|Any CPU = Debug|Any CPU
		Release|Any CPU = Release|Any CPU
	EndGlobalSection
	GlobalSection(ProjectConfigurationPlatforms) = postSolution
		{72A04E22-A501-4E28-B17B-4E7755234227}.Debug|Any CPU.ActiveCfg = Debug|Any CPU
		{72A04E22-A501-4E28-B17B-4E7755234227}.Debug|Any CPU.Build.0 = Debug|Any CPU
		{72A04E22-A501-4E28-B17B-4E7755234227}.Release|Any CPU.ActiveCfg = Release|Any CPU
		{72A04E22-A501-4E28-B17B-4E7755234227}.Release|Any CPU.Build.0 = Release|Any CPU
		{EA3D019A-0BA5-4403-BEF1-995401989DC6}.Debug|Any CPU.ActiveCfg = Debug|Any CPU
		{EA3D019A-0BA5-4403-BEF1-995401989DC6}.Debug|Any CPU.Build.0 = Debug|Any CPU
		{EA3D019A-0BA5-4403-BEF1-995401989DC6}.Release|Any CPU.ActiveCfg = Release|Any CPU
		{EA3D019A-0BA5-4403-BEF1-995401989DC6}.Release|Any CPU.Build.0 = Release|Any CPU
	EndGlobalSection
	GlobalSection(SolutionProperties) = preSolution
		HideSolutionNode = FALSE
	EndGlobalSection
EndGlobal
